
Microsoft Visual Studio Solution File, Format Version 12.00
# Visual Studio Version 17
VisualStudioVersion = 17.3.32825.248
MinimumVisualStudioVersion = 10.0.40219.1
Project("{9A19103F-16F7-4668-BE54-9A1E7A4F7556}") = "StudyBase1", "StudyBase1\StudyBase1.csproj", "{34D80C9E-55FC-4678-A697-553B04CDE900}"
EndProject
Project("{FAE04EC0-301F-11D3-BF4B-00C04F79EFBC}") = "StudyBase2", "StudyBase2\StudyBase2.csproj", "{2F0080F4-9538-41E9-9034-FA414BD487F4}"
EndProject
Global
	GlobalSection(SolutionConfigurationPlatforms) = preSolution
		Debug|Any CPU = Debug|Any CPU
		Release|Any CPU = Release|Any CPU
	EndGlobalSection
	GlobalSection(ProjectConfigurationPlatforms) = postSolution
		{34D80C9E-55FC-4678-A697-553B04CDE900}.Debug|Any CPU.ActiveCfg = Debug|Any CPU
		{34D80C9E-55FC-4678-A697-553B04CDE900}.Debug|Any CPU.Build.0 = Debug|Any CPU
		{34D80C9E-55FC-4678-A697-553B04CDE900}.Release|Any CPU.ActiveCfg = Release|Any CPU
		{34D80C9E-55FC-4678-A697-553B04CDE900}.Release|Any CPU.Build.0 = Release|Any CPU
		{2F0080F4-9538-41E9-9034-FA414BD487F4}.Debug|Any CPU.ActiveCfg = Debug|Any CPU
		{2F0080F4-9538-41E9-9034-FA414BD487F4}.Debug|Any CPU.Build.0 = Debug|Any CPU
		{2F0080F4-9538-41E9-9034-FA414BD487F4}.Release|Any CPU.ActiveCfg = Release|Any CPU
		{2F0080F4-9538-41E9-9034-FA414BD487F4}.Release|Any CPU.Build.0 = Release|Any CPU
	EndGlobalSection
	GlobalSection(SolutionProperties) = preSolution
		HideSolutionNode = FALSE
	EndGlobalSection
	GlobalSection(ExtensibilityGlobals) = postSolution
		SolutionGuid = {C7A9EEC3-3193-41FB-B2E9-821ED85A1BA4}
	EndGlobalSection
EndGlobal
