
Microsoft Visual Studio Solution File, Format Version 12.00
# Visual Studio Version 17
VisualStudioVersion = 17.3.32825.248
MinimumVisualStudioVersion = 10.0.40219.1
Project("{FAE04EC0-301F-11D3-BF4B-00C04F79EFBC}") = "ConsoleApp5", "ConsoleApp5\ConsoleApp5.csproj", "{B427DD74-ACE7-48EA-A576-D7C2B9E369B9}"
EndProject
Global
	GlobalSection(SolutionConfigurationPlatforms) = preSolution
		Debug|Any CPU = Debug|Any CPU
		Release|Any CPU = Release|Any CPU
	EndGlobalSection
	GlobalSection(ProjectConfigurationPlatforms) = postSolution
		{B427DD74-ACE7-48EA-A576-D7C2B9E369B9}.Debug|Any CPU.ActiveCfg = Debug|Any CPU
		{B427DD74-ACE7-48EA-A576-D7C2B9E369B9}.Debug|Any CPU.Build.0 = Debug|Any CPU
		{B427DD74-ACE7-48EA-A576-D7C2B9E369B9}.Release|Any CPU.ActiveCfg = Release|Any CPU
		{B427DD74-ACE7-48EA-A576-D7C2B9E369B9}.Release|Any CPU.Build.0 = Release|Any CPU
	EndGlobalSection
	GlobalSection(SolutionProperties) = preSolution
		HideSolutionNode = FALSE
	EndGlobalSection
	GlobalSection(ExtensibilityGlobals) = postSolution
		SolutionGuid = {5905DC5B-5011-4C3B-A9AB-5C2359CF7165}
	EndGlobalSection
EndGlobal
